
Microsoft Visual Studio Solution File, Format Version 12.00
# Visual Studio 15
VisualStudioVersion = 15.0.28307.136
MinimumVisualStudioVersion = 10.0.40219.1
Project("{9A19103F-16F7-4668-BE54-9A1E7A4F7556}") = "MessageQueueingDemo", "MessageQueueingDemo\MessageQueueingDemo.csproj", "{5BF9204A-3AB0-4545-942C-C48255897F70}"
EndProject
Project("{9A19103F-16F7-4668-BE54-9A1E7A4F7556}") = "MessageQueueingDemo.Subscriber", "MessageQueueingDemo.Subscriber\MessageQueueingDemo.Subscriber.csproj", "{9A21FD53-D975-44ED-9A9D-80AF51BF5652}"
EndProject
Project("{FAE04EC0-301F-11D3-BF4B-00C04F79EFBC}") = "MessageQueueingDemo.Messages", "MessageQueueingDemo.Messages\MessageQueueingDemo.Messages.csproj", "{4193E233-5FE0-475F-9664-E41E5BA692F8}"
EndProject
Global
	GlobalSection(SolutionConfigurationPlatforms) = preSolution
		Debug|Any CPU = Debug|Any CPU
		Release|Any CPU = Release|Any CPU
	EndGlobalSection
	GlobalSection(ProjectConfigurationPlatforms) = postSolution
		{5BF9204A-3AB0-4545-942C-C48255897F70}.Debug|Any CPU.ActiveCfg = Debug|Any CPU
		{5BF9204A-3AB0-4545-942C-C48255897F70}.Debug|Any CPU.Build.0 = Debug|Any CPU
		{5BF9204A-3AB0-4545-942C-C48255897F70}.Release|Any CPU.ActiveCfg = Release|Any CPU
		{5BF9204A-3AB0-4545-942C-C48255897F70}.Release|Any CPU.Build.0 = Release|Any CPU
		{9A21FD53-D975-44ED-9A9D-80AF51BF5652}.Debug|Any CPU.ActiveCfg = Debug|Any CPU
		{9A21FD53-D975-44ED-9A9D-80AF51BF5652}.Debug|Any CPU.Build.0 = Debug|Any CPU
		{9A21FD53-D975-44ED-9A9D-80AF51BF5652}.Release|Any CPU.ActiveCfg = Release|Any CPU
		{9A21FD53-D975-44ED-9A9D-80AF51BF5652}.Release|Any CPU.Build.0 = Release|Any CPU
		{4193E233-5FE0-475F-9664-E41E5BA692F8}.Debug|Any CPU.ActiveCfg = Debug|Any CPU
		{4193E233-5FE0-475F-9664-E41E5BA692F8}.Debug|Any CPU.Build.0 = Debug|Any CPU
		{4193E233-5FE0-475F-9664-E41E5BA692F8}.Release|Any CPU.ActiveCfg = Release|Any CPU
		{4193E233-5FE0-475F-9664-E41E5BA692F8}.Release|Any CPU.Build.0 = Release|Any CPU
	EndGlobalSection
	GlobalSection(SolutionProperties) = preSolution
		HideSolutionNode = FALSE
	EndGlobalSection
	GlobalSection(ExtensibilityGlobals) = postSolution
		SolutionGuid = {0EE7B66C-3805-4694-80D2-C7688BDE05D6}
	EndGlobalSection
EndGlobal
